
Microsoft Visual Studio Solution File, Format Version 12.00
# Visual Studio 15
VisualStudioVersion = 15.0.28307.1000
MinimumVisualStudioVersion = 10.0.40219.1
Project("{8BC9CEB8-8B4A-11D0-8D11-00A0C91BC942}") = "ssl", "ssl.vcxproj", "{7E73F65F-6567-455D-84F8-B4280717741A}"
EndProject
Project("{8BC9CEB8-8B4A-11D0-8D11-00A0C91BC942}") = "crypto", "..\crypto\crypto.vcxproj", "{5855AC4C-481A-4BC6-A43E-EE1921F6D8BB}"
EndProject
Global
	GlobalSection(SolutionConfigurationPlatforms) = preSolution
		Debug|x64 = Debug|x64
		Debug|x86 = Debug|x86
		Release|x64 = Release|x64
		Release|x86 = Release|x86
		ReleaseMT|x64 = ReleaseMT|x64
		ReleaseMT|x86 = ReleaseMT|x86
	EndGlobalSection
	GlobalSection(ProjectConfigurationPlatforms) = postSolution
		{7E73F65F-6567-455D-84F8-B4280717741A}.Debug|x64.ActiveCfg = Debug|x64
		{7E73F65F-6567-455D-84F8-B4280717741A}.Debug|x64.Build.0 = Debug|x64
		{7E73F65F-6567-455D-84F8-B4280717741A}.Debug|x86.ActiveCfg = Debug|Win32
		{7E73F65F-6567-455D-84F8-B4280717741A}.Debug|x86.Build.0 = Debug|Win32
		{7E73F65F-6567-455D-84F8-B4280717741A}.Release|x64.ActiveCfg = Release|x64
		{7E73F65F-6567-455D-84F8-B4280717741A}.Release|x64.Build.0 = Release|x64
		{7E73F65F-6567-455D-84F8-B4280717741A}.Release|x86.ActiveCfg = Release|Win32
		{7E73F65F-6567-455D-84F8-B4280717741A}.Release|x86.Build.0 = Release|Win32
		{7E73F65F-6567-455D-84F8-B4280717741A}.ReleaseMT|x64.ActiveCfg = ReleaseMT|x64
		{7E73F65F-6567-455D-84F8-B4280717741A}.ReleaseMT|x64.Build.0 = ReleaseMT|x64
		{7E73F65F-6567-455D-84F8-B4280717741A}.ReleaseMT|x86.ActiveCfg = ReleaseMT|Win32
		{7E73F65F-6567-455D-84F8-B4280717741A}.ReleaseMT|x86.Build.0 = ReleaseMT|Win32
		{5855AC4C-481A-4BC6-A43E-EE1921F6D8BB}.Debug|x64.ActiveCfg = Debug|x64
		{5855AC4C-481A-4BC6-A43E-EE1921F6D8BB}.Debug|x64.Build.0 = Debug|x64
		{5855AC4C-481A-4BC6-A43E-EE1921F6D8BB}.Debug|x86.ActiveCfg = Debug|Win32
		{5855AC4C-481A-4BC6-A43E-EE1921F6D8BB}.Debug|x86.Build.0 = Debug|Win32
		{5855AC4C-481A-4BC6-A43E-EE1921F6D8BB}.Release|x64.ActiveCfg = Release|x64
		{5855AC4C-481A-4BC6-A43E-EE1921F6D8BB}.Release|x64.Build.0 = Release|x64
		{5855AC4C-481A-4BC6-A43E-EE1921F6D8BB}.Release|x86.ActiveCfg = Release|Win32
		{5855AC4C-481A-4BC6-A43E-EE1921F6D8BB}.Release|x86.Build.0 = Release|Win32
		{5855AC4C-481A-4BC6-A43E-EE1921F6D8BB}.ReleaseMT|x64.ActiveCfg = ReleaseMT|x64
		{5855AC4C-481A-4BC6-A43E-EE1921F6D8BB}.ReleaseMT|x64.Build.0 = ReleaseMT|x64
		{5855AC4C-481A-4BC6-A43E-EE1921F6D8BB}.ReleaseMT|x86.ActiveCfg = ReleaseMT|Win32
		{5855AC4C-481A-4BC6-A43E-EE1921F6D8BB}.ReleaseMT|x86.Build.0 = ReleaseMT|Win32
	EndGlobalSection
	GlobalSection(SolutionProperties) = preSolution
		HideSolutionNode = FALSE
	EndGlobalSection
	GlobalSection(ExtensibilityGlobals) = postSolution
		SolutionGuid = {6D67CBE6-F1E7-4EDD-91B2-E693907A646B}
	EndGlobalSection
EndGlobal
